# This file is automatically @generated by Cargo.
# It is not intended for manual editing.
version = 3

[[package]]
name = "adder"
version = "0.1.0"

[[package]]
name = "closure"
version = "0.1.0"

[[package]]
name = "collection"
version = "0.1.0"
dependencies = [
 "lazy_static",
]

[[package]]
name = "concurrency"
version = "0.1.0"
dependencies = [
 "thread_local",
]

[[package]]
name = "generic"
version = "0.1.0"

[[package]]
name = "iter"
version = "0.1.0"

[[package]]
name = "lazy_static"
version = "1.4.0"
source = "registry+https://github.com/rust-lang/crates.io-index"
checksum = "e2abad23fbc42b3700f2f279844dc832adb2b2eb069b2df918f455c4e18cc646"

[[package]]
name = "lifetime"
version = "0.1.0"

[[package]]
name = "marcos"
version = "0.1.0"

[[package]]
name = "minigrep"
version = "0.1.0"

[[package]]
name = "once_cell"
version = "1.15.0"
source = "registry+https://github.com/rust-lang/crates.io-index"
checksum = "e82dad04139b71a90c080c8463fe0dc7902db5192d939bd0950f074d014339e1"

[[package]]
name = "oop"
version = "0.1.0"

[[package]]
name = "ownership"
version = "0.1.0"

[[package]]
name = "panic"
version = "0.1.0"

[[package]]
name = "pattern"
version = "0.1.0"

[[package]]
name = "pointer"
version = "0.1.0"

[[package]]
name = "rectangles"
version = "0.1.0"

[[package]]
name = "renum"
version = "0.1.0"

[[package]]
name = "restaurant"
version = "0.1.0"

[[package]]
name = "rstruct"
version = "0.1.0"

[[package]]
name = "rtrait"
version = "0.1.0"

[[package]]
name = "thread_local"
version = "1.1.4"
source = "registry+https://github.com/rust-lang/crates.io-index"
checksum = "5516c27b78311c50bf42c071425c560ac799b11c30b31f87e3081965fe5e0180"
dependencies = [
 "once_cell",
]

[[package]]
name = "variable"
version = "0.1.0"
